// !$*UTF8*$!
{
	archiveVersion = 1;
	classes = {
	};
	objectVersion = 46;
	objects = {

/* Begin PBXBuildFile section */
		BCDC980F1B4CAB0800B78E6F /* main.m in Sources */ = {isa = PBXBuildFile; fileRef = BCDC980E1B4CAB0800B78E6F /* main.m */; };
		BCDC98121B4CAB0800B78E6F /* AppDelegate.m in Sources */ = {isa = PBXBuildFile; fileRef = BCDC98111B4CAB0800B78E6F /* AppDelegate.m */; };
		BCDC981A1B4CAB0800B78E6F /* Images.xcassets in Resources */ = {isa = PBXBuildFile; fileRef = BCDC98191B4CAB0800B78E6F /* Images.xcassets */; };
		BCDC98291B4CAB0800B78E6F /* GroupBuyTests.m in Sources */ = {isa = PBXBuildFile; fileRef = BCDC98281B4CAB0800B78E6F /* GroupBuyTests.m */; };
		BCDC98341B4CABDC00B78E6F /* HomeViewController.m in Sources */ = {isa = PBXBuildFile; fileRef = BCDC98331B4CABDC00B78E6F /* HomeViewController.m */; };
		BCDC98381B4CAD2900B78E6F /* UIView+Extension.m in Sources */ = {isa = PBXBuildFile; fileRef = BCDC98371B4CAD2900B78E6F /* UIView+Extension.m */; };
		BCDC983B1B4CB09B00B78E6F /* UIBarButtonItem+Extension.m in Sources */ = {isa = PBXBuildFile; fileRef = BCDC983A1B4CB09B00B78E6F /* UIBarButtonItem+Extension.m */; };
		BCDC983E1B4CB31C00B78E6F /* HomeTopItem.xib in Resources */ = {isa = PBXBuildFile; fileRef = BCDC983D1B4CB31C00B78E6F /* HomeTopItem.xib */; };
		BCDC98411B4CB34700B78E6F /* HomeTopItem.m in Sources */ = {isa = PBXBuildFile; fileRef = BCDC98401B4CB34700B78E6F /* HomeTopItem.m */; };
		BCDC98441B4CB3B800B78E6F /* NavigationController.m in Sources */ = {isa = PBXBuildFile; fileRef = BCDC98431B4CB3B800B78E6F /* NavigationController.m */; };
		BCDC984E1B4CCACE00B78E6F /* CategoryViewController.m in Sources */ = {isa = PBXBuildFile; fileRef = BCDC984D1B4CCACE00B78E6F /* CategoryViewController.m */; };
		BCDC98501B4CCC9700B78E6F /* HomeDropdown.xib in Resources */ = {isa = PBXBuildFile; fileRef = BCDC984F1B4CCC9700B78E6F /* HomeDropdown.xib */; };
		BCDC98531B4CCCF800B78E6F /* HomeDropdown.m in Sources */ = {isa = PBXBuildFile; fileRef = BCDC98521B4CCCF800B78E6F /* HomeDropdown.m */; };
		BCDC98571B4CCE1300B78E6F /* Categorys.m in Sources */ = {isa = PBXBuildFile; fileRef = BCDC98561B4CCE1300B78E6F /* Categorys.m */; };
		BCDC985A1B4CD29100B78E6F /* HomeDropdownMainCell.m in Sources */ = {isa = PBXBuildFile; fileRef = BCDC98591B4CD29100B78E6F /* HomeDropdownMainCell.m */; };
		BCDC985D1B4CD2B600B78E6F /* HomeDropdownSubCell.m in Sources */ = {isa = PBXBuildFile; fileRef = BCDC985C1B4CD2B600B78E6F /* HomeDropdownSubCell.m */; };
		BCDC98761B4CF50A00B78E6F /* MASCompositeConstraint.m in Sources */ = {isa = PBXBuildFile; fileRef = BCDC98601B4CF50A00B78E6F /* MASCompositeConstraint.m */; };
		BCDC98771B4CF50A00B78E6F /* MASConstraint.m in Sources */ = {isa = PBXBuildFile; fileRef = BCDC98631B4CF50A00B78E6F /* MASConstraint.m */; };
		BCDC98781B4CF50A00B78E6F /* MASConstraintMaker.m in Sources */ = {isa = PBXBuildFile; fileRef = BCDC98651B4CF50A00B78E6F /* MASConstraintMaker.m */; };
		BCDC98791B4CF50A00B78E6F /* MASLayoutConstraint.m in Sources */ = {isa = PBXBuildFile; fileRef = BCDC98671B4CF50A00B78E6F /* MASLayoutConstraint.m */; };
		BCDC987A1B4CF50A00B78E6F /* MASViewAttribute.m in Sources */ = {isa = PBXBuildFile; fileRef = BCDC986B1B4CF50A00B78E6F /* MASViewAttribute.m */; };
		BCDC987B1B4CF50A00B78E6F /* MASViewConstraint.m in Sources */ = {isa = PBXBuildFile; fileRef = BCDC986D1B4CF50A00B78E6F /* MASViewConstraint.m */; };
		BCDC987C1B4CF50A00B78E6F /* NSArray+MASAdditions.m in Sources */ = {isa = PBXBuildFile; fileRef = BCDC986F1B4CF50A00B78E6F /* NSArray+MASAdditions.m */; };
		BCDC987D1B4CF50A00B78E6F /* NSLayoutConstraint+MASDebugAdditions.m in Sources */ = {isa = PBXBuildFile; fileRef = BCDC98721B4CF50A00B78E6F /* NSLayoutConstraint+MASDebugAdditions.m */; };
		BCDC987E1B4CF50A00B78E6F /* View+MASAdditions.m in Sources */ = {isa = PBXBuildFile; fileRef = BCDC98741B4CF50A00B78E6F /* View+MASAdditions.m */; };
		BCDC98971B4CF51000B78E6F /* MJArgument.m in Sources */ = {isa = PBXBuildFile; fileRef = BCDC98811B4CF51000B78E6F /* MJArgument.m */; };
		BCDC98981B4CF51000B78E6F /* MJConst.m in Sources */ = {isa = PBXBuildFile; fileRef = BCDC98831B4CF51000B78E6F /* MJConst.m */; };
		BCDC98991B4CF51000B78E6F /* MJFoundation.m in Sources */ = {isa = PBXBuildFile; fileRef = BCDC98861B4CF51000B78E6F /* MJFoundation.m */; };
		BCDC989A1B4CF51000B78E6F /* MJIvar.m in Sources */ = {isa = PBXBuildFile; fileRef = BCDC98881B4CF51000B78E6F /* MJIvar.m */; };
		BCDC989B1B4CF51000B78E6F /* MJMember.m in Sources */ = {isa = PBXBuildFile; fileRef = BCDC988A1B4CF51000B78E6F /* MJMember.m */; };
		BCDC989C1B4CF51000B78E6F /* MJMethod.m in Sources */ = {isa = PBXBuildFile; fileRef = BCDC988C1B4CF51000B78E6F /* MJMethod.m */; };
		BCDC989D1B4CF51000B78E6F /* MJType.m in Sources */ = {isa = PBXBuildFile; fileRef = BCDC988E1B4CF51000B78E6F /* MJType.m */; };
		BCDC989E1B4CF51000B78E6F /* MJTypeEncoding.m in Sources */ = {isa = PBXBuildFile; fileRef = BCDC98901B4CF51000B78E6F /* MJTypeEncoding.m */; };
		BCDC989F1B4CF51000B78E6F /* NSObject+MJCoding.m in Sources */ = {isa = PBXBuildFile; fileRef = BCDC98921B4CF51000B78E6F /* NSObject+MJCoding.m */; };
		BCDC98A01B4CF51000B78E6F /* NSObject+MJKeyValue.m in Sources */ = {isa = PBXBuildFile; fileRef = BCDC98941B4CF51000B78E6F /* NSObject+MJKeyValue.m */; };
		BCDC98A11B4CF51000B78E6F /* NSObject+MJMember.m in Sources */ = {isa = PBXBuildFile; fileRef = BCDC98961B4CF51000B78E6F /* NSObject+MJMember.m */; };
		BCDC98A91B4CF85900B78E6F /* categories.plist in Resources */ = {isa = PBXBuildFile; fileRef = BCDC98A51B4CF85900B78E6F /* categories.plist */; };
		BCDC98AA1B4CF85900B78E6F /* cities.plist in Resources */ = {isa = PBXBuildFile; fileRef = BCDC98A61B4CF85900B78E6F /* cities.plist */; };
		BCDC98AB1B4CF85900B78E6F /* cityGroups.plist in Resources */ = {isa = PBXBuildFile; fileRef = BCDC98A71B4CF85900B78E6F /* cityGroups.plist */; };
		BCDC98AC1B4CF85900B78E6F /* sorts.plist in Resources */ = {isa = PBXBuildFile; fileRef = BCDC98A81B4CF85900B78E6F /* sorts.plist */; };
		BCDC98AF1B4CFC1D00B78E6F /* RegionViewController.m in Sources */ = {isa = PBXBuildFile; fileRef = BCDC98AE1B4CFC1D00B78E6F /* RegionViewController.m */; };
		BCDC98B11B4CFCB000B78E6F /* RegionViewController.xib in Resources */ = {isa = PBXBuildFile; fileRef = BCDC98B01B4CFCB000B78E6F /* RegionViewController.xib */; };
		BCDC98B41B4CFD5B00B78E6F /* CityViewController.m in Sources */ = {isa = PBXBuildFile; fileRef = BCDC98B31B4CFD5B00B78E6F /* CityViewController.m */; };
		BCDC98B61B4CFD6800B78E6F /* CityViewController.xib in Resources */ = {isa = PBXBuildFile; fileRef = BCDC98B51B4CFD6800B78E6F /* CityViewController.xib */; };
		BCDC98B91B4D044A00B78E6F /* CityGroup.m in Sources */ = {isa = PBXBuildFile; fileRef = BCDC98B81B4D044A00B78E6F /* CityGroup.m */; };
		BCDC98BC1B4D160100B78E6F /* Region.m in Sources */ = {isa = PBXBuildFile; fileRef = BCDC98BB1B4D160100B78E6F /* Region.m */; };
		BCDC98BF1B4D166800B78E6F /* City.m in Sources */ = {isa = PBXBuildFile; fileRef = BCDC98BE1B4D166800B78E6F /* City.m */; };
/* End PBXBuildFile section */

/* Begin PBXContainerItemProxy section */
		BCDC98231B4CAB0800B78E6F /* PBXContainerItemProxy */ = {
			isa = PBXContainerItemProxy;
			containerPortal = BCDC98011B4CAB0800B78E6F /* Project object */;
			proxyType = 1;
			remoteGlobalIDString = BCDC98081B4CAB0800B78E6F;
			remoteInfo = GroupBuy;
		};
/* End PBXContainerItemProxy section */

/* Begin PBXFileReference section */
		BCDC98091B4CAB0800B78E6F /* GroupBuy.app */ = {isa = PBXFileReference; explicitFileType = wrapper.application; includeInIndex = 0; path = GroupBuy.app; sourceTree = BUILT_PRODUCTS_DIR; };
		BCDC980D1B4CAB0800B78E6F /* Info.plist */ = {isa = PBXFileReference; lastKnownFileType = text.plist.xml; path = Info.plist; sourceTree = "<group>"; };
		BCDC980E1B4CAB0800B78E6F /* main.m */ = {isa = PBXFileReference; lastKnownFileType = sourcecode.c.objc; path = main.m; sourceTree = "<group>"; };
		BCDC98101B4CAB0800B78E6F /* AppDelegate.h */ = {isa = PBXFileReference; lastKnownFileType = sourcecode.c.h; path = AppDelegate.h; sourceTree = "<group>"; };
		BCDC98111B4CAB0800B78E6F /* AppDelegate.m */ = {isa = PBXFileReference; lastKnownFileType = sourcecode.c.objc; path = AppDelegate.m; sourceTree = "<group>"; };
		BCDC98191B4CAB0800B78E6F /* Images.xcassets */ = {isa = PBXFileReference; lastKnownFileType = folder.assetcatalog; path = Images.xcassets; sourceTree = "<group>"; };
		BCDC98221B4CAB0800B78E6F /* GroupBuyTests.xctest */ = {isa = PBXFileReference; explicitFileType = wrapper.cfbundle; includeInIndex = 0; path = GroupBuyTests.xctest; sourceTree = BUILT_PRODUCTS_DIR; };
		BCDC98271B4CAB0800B78E6F /* Info.plist */ = {isa = PBXFileReference; lastKnownFileType = text.plist.xml; path = Info.plist; sourceTree = "<group>"; };
		BCDC98281B4CAB0800B78E6F /* GroupBuyTests.m */ = {isa = PBXFileReference; lastKnownFileType = sourcecode.c.objc; path = GroupBuyTests.m; sourceTree = "<group>"; };
		BCDC98321B4CABDC00B78E6F /* HomeViewController.h */ = {isa = PBXFileReference; fileEncoding = 4; lastKnownFileType = sourcecode.c.h; path = HomeViewController.h; sourceTree = "<group>"; };
		BCDC98331B4CABDC00B78E6F /* HomeViewController.m */ = {isa = PBXFileReference; fileEncoding = 4; lastKnownFileType = sourcecode.c.objc; path = HomeViewController.m; sourceTree = "<group>"; };
		BCDC98351B4CAC6600B78E6F /* GroupBuy-Prefix.pch */ = {isa = PBXFileReference; fileEncoding = 4; lastKnownFileType = sourcecode.c.h; path = "GroupBuy-Prefix.pch"; sourceTree = "<group>"; };
		BCDC98361B4CAD2900B78E6F /* UIView+Extension.h */ = {isa = PBXFileReference; fileEncoding = 4; lastKnownFileType = sourcecode.c.h; path = "UIView+Extension.h"; sourceTree = "<group>"; };
		BCDC98371B4CAD2900B78E6F /* UIView+Extension.m */ = {isa = PBXFileReference; fileEncoding = 4; lastKnownFileType = sourcecode.c.objc; path = "UIView+Extension.m"; sourceTree = "<group>"; };
		BCDC98391B4CB09B00B78E6F /* UIBarButtonItem+Extension.h */ = {isa = PBXFileReference; fileEncoding = 4; lastKnownFileType = sourcecode.c.h; path = "UIBarButtonItem+Extension.h"; sourceTree = "<group>"; };
		BCDC983A1B4CB09B00B78E6F /* UIBarButtonItem+Extension.m */ = {isa = PBXFileReference; fileEncoding = 4; lastKnownFileType = sourcecode.c.objc; path = "UIBarButtonItem+Extension.m"; sourceTree = "<group>"; };
		BCDC983D1B4CB31C00B78E6F /* HomeTopItem.xib */ = {isa = PBXFileReference; fileEncoding = 4; lastKnownFileType = file.xib; path = HomeTopItem.xib; sourceTree = "<group>"; };
		BCDC983F1B4CB34700B78E6F /* HomeTopItem.h */ = {isa = PBXFileReference; fileEncoding = 4; lastKnownFileType = sourcecode.c.h; path = HomeTopItem.h; sourceTree = "<group>"; };
		BCDC98401B4CB34700B78E6F /* HomeTopItem.m */ = {isa = PBXFileReference; fileEncoding = 4; lastKnownFileType = sourcecode.c.objc; path = HomeTopItem.m; sourceTree = "<group>"; };
		BCDC98421B4CB3B800B78E6F /* NavigationController.h */ = {isa = PBXFileReference; fileEncoding = 4; lastKnownFileType = sourcecode.c.h; path = NavigationController.h; sourceTree = "<group>"; };
		BCDC98431B4CB3B800B78E6F /* NavigationController.m */ = {isa = PBXFileReference; fileEncoding = 4; lastKnownFileType = sourcecode.c.objc; path = NavigationController.m; sourceTree = "<group>"; };
		BCDC984C1B4CCACE00B78E6F /* CategoryViewController.h */ = {isa = PBXFileReference; fileEncoding = 4; lastKnownFileType = sourcecode.c.h; path = CategoryViewController.h; sourceTree = "<group>"; };
		BCDC984D1B4CCACE00B78E6F /* CategoryViewController.m */ = {isa = PBXFileReference; fileEncoding = 4; lastKnownFileType = sourcecode.c.objc; path = CategoryViewController.m; sourceTree = "<group>"; };
		BCDC984F1B4CCC9700B78E6F /* HomeDropdown.xib */ = {isa = PBXFileReference; fileEncoding = 4; lastKnownFileType = file.xib; path = HomeDropdown.xib; sourceTree = "<group>"; };
		BCDC98511B4CCCF800B78E6F /* HomeDropdown.h */ = {isa = PBXFileReference; fileEncoding = 4; lastKnownFileType = sourcecode.c.h; path = HomeDropdown.h; sourceTree = "<group>"; };
		BCDC98521B4CCCF800B78E6F /* HomeDropdown.m */ = {isa = PBXFileReference; fileEncoding = 4; lastKnownFileType = sourcecode.c.objc; path = HomeDropdown.m; sourceTree = "<group>"; };
		BCDC98551B4CCE1300B78E6F /* Categorys.h */ = {isa = PBXFileReference; fileEncoding = 4; lastKnownFileType = sourcecode.c.h; path = Categorys.h; sourceTree = "<group>"; };
		BCDC98561B4CCE1300B78E6F /* Categorys.m */ = {isa = PBXFileReference; fileEncoding = 4; lastKnownFileType = sourcecode.c.objc; path = Categorys.m; sourceTree = "<group>"; };
		BCDC98581B4CD29100B78E6F /* HomeDropdownMainCell.h */ = {isa = PBXFileReference; fileEncoding = 4; lastKnownFileType = sourcecode.c.h; path = HomeDropdownMainCell.h; sourceTree = "<group>"; };
		BCDC98591B4CD29100B78E6F /* HomeDropdownMainCell.m */ = {isa = PBXFileReference; fileEncoding = 4; lastKnownFileType = sourcecode.c.objc; path = HomeDropdownMainCell.m; sourceTree = "<group>"; };
		BCDC985B1B4CD2B600B78E6F /* HomeDropdownSubCell.h */ = {isa = PBXFileReference; fileEncoding = 4; lastKnownFileType = sourcecode.c.h; path = HomeDropdownSubCell.h; sourceTree = "<group>"; };
		BCDC985C1B4CD2B600B78E6F /* HomeDropdownSubCell.m */ = {isa = PBXFileReference; fileEncoding = 4; lastKnownFileType = sourcecode.c.objc; path = HomeDropdownSubCell.m; sourceTree = "<group>"; };
		BCDC985F1B4CF50A00B78E6F /* MASCompositeConstraint.h */ = {isa = PBXFileReference; fileEncoding = 4; lastKnownFileType = sourcecode.c.h; path = MASCompositeConstraint.h; sourceTree = "<group>"; };
		BCDC98601B4CF50A00B78E6F /* MASCompositeConstraint.m */ = {isa = PBXFileReference; fileEncoding = 4; lastKnownFileType = sourcecode.c.objc; path = MASCompositeConstraint.m; sourceTree = "<group>"; };
		BCDC98611B4CF50A00B78E6F /* MASConstraint+Private.h */ = {isa = PBXFileReference; fileEncoding = 4; lastKnownFileType = sourcecode.c.h; path = "MASConstraint+Private.h"; sourceTree = "<group>"; };
		BCDC98621B4CF50A00B78E6F /* MASConstraint.h */ = {isa = PBXFileReference; fileEncoding = 4; lastKnownFileType = sourcecode.c.h; path = MASConstraint.h; sourceTree = "<group>"; };
		BCDC98631B4CF50A00B78E6F /* MASConstraint.m */ = {isa = PBXFileReference; fileEncoding = 4; lastKnownFileType = sourcecode.c.objc; path = MASConstraint.m; sourceTree = "<group>"; };
		BCDC98641B4CF50A00B78E6F /* MASConstraintMaker.h */ = {isa = PBXFileReference; fileEncoding = 4; lastKnownFileType = sourcecode.c.h; path = MASConstraintMaker.h; sourceTree = "<group>"; };
		BCDC98651B4CF50A00B78E6F /* MASConstraintMaker.m */ = {isa = PBXFileReference; fileEncoding = 4; lastKnownFileType = sourcecode.c.objc; path = MASConstraintMaker.m; sourceTree = "<group>"; };
		BCDC98661B4CF50A00B78E6F /* MASLayoutConstraint.h */ = {isa = PBXFileReference; fileEncoding = 4; lastKnownFileType = sourcecode.c.h; path = MASLayoutConstraint.h; sourceTree = "<group>"; };
		BCDC98671B4CF50A00B78E6F /* MASLayoutConstraint.m */ = {isa = PBXFileReference; fileEncoding = 4; lastKnownFileType = sourcecode.c.objc; path = MASLayoutConstraint.m; sourceTree = "<group>"; };
		BCDC98681B4CF50A00B78E6F /* Masonry.h */ = {isa = PBXFileReference; fileEncoding = 4; lastKnownFileType = sourcecode.c.h; path = Masonry.h; sourceTree = "<group>"; };
		BCDC98691B4CF50A00B78E6F /* MASUtilities.h */ = {isa = PBXFileReference; fileEncoding = 4; lastKnownFileType = sourcecode.c.h; path = MASUtilities.h; sourceTree = "<group>"; };
		BCDC986A1B4CF50A00B78E6F /* MASViewAttribute.h */ = {isa = PBXFileReference; fileEncoding = 4; lastKnownFileType = sourcecode.c.h; path = MASViewAttribute.h; sourceTree = "<group>"; };
		BCDC986B1B4CF50A00B78E6F /* MASViewAttribute.m */ = {isa = PBXFileReference; fileEncoding = 4; lastKnownFileType = sourcecode.c.objc; path = MASViewAttribute.m; sourceTree = "<group>"; };
		BCDC986C1B4CF50A00B78E6F /* MASViewConstraint.h */ = {isa = PBXFileReference; fileEncoding = 4; lastKnownFileType = sourcecode.c.h; path = MASViewConstraint.h; sourceTree = "<group>"; };
		BCDC986D1B4CF50A00B78E6F /* MASViewConstraint.m */ = {isa = PBXFileReference; fileEncoding = 4; lastKnownFileType = sourcecode.c.objc; path = MASViewConstraint.m; sourceTree = "<group>"; };
		BCDC986E1B4CF50A00B78E6F /* NSArray+MASAdditions.h */ = {isa = PBXFileReference; fileEncoding = 4; lastKnownFileType = sourcecode.c.h; path = "NSArray+MASAdditions.h"; sourceTree = "<group>"; };
		BCDC986F1B4CF50A00B78E6F /* NSArray+MASAdditions.m */ = {isa = PBXFileReference; fileEncoding = 4; lastKnownFileType = sourcecode.c.objc; path = "NSArray+MASAdditions.m"; sourceTree = "<group>"; };
		BCDC98701B4CF50A00B78E6F /* NSArray+MASShorthandAdditions.h */ = {isa = PBXFileReference; fileEncoding = 4; lastKnownFileType = sourcecode.c.h; path = "NSArray+MASShorthandAdditions.h"; sourceTree = "<group>"; };
		BCDC98711B4CF50A00B78E6F /* NSLayoutConstraint+MASDebugAdditions.h */ = {isa = PBXFileReference; fileEncoding = 4; lastKnownFileType = sourcecode.c.h; path = "NSLayoutConstraint+MASDebugAdditions.h"; sourceTree = "<group>"; };
		BCDC98721B4CF50A00B78E6F /* NSLayoutConstraint+MASDebugAdditions.m */ = {isa = PBXFileReference; fileEncoding = 4; lastKnownFileType = sourcecode.c.objc; path = "NSLayoutConstraint+MASDebugAdditions.m"; sourceTree = "<group>"; };
		BCDC98731B4CF50A00B78E6F /* View+MASAdditions.h */ = {isa = PBXFileReference; fileEncoding = 4; lastKnownFileType = sourcecode.c.h; path = "View+MASAdditions.h"; sourceTree = "<group>"; };
		BCDC98741B4CF50A00B78E6F /* View+MASAdditions.m */ = {isa = PBXFileReference; fileEncoding = 4; lastKnownFileType = sourcecode.c.objc; path = "View+MASAdditions.m"; sourceTree = "<group>"; };
		BCDC98751B4CF50A00B78E6F /* View+MASShorthandAdditions.h */ = {isa = PBXFileReference; fileEncoding = 4; lastKnownFileType = sourcecode.c.h; path = "View+MASShorthandAdditions.h"; sourceTree = "<group>"; };
		BCDC98801B4CF51000B78E6F /* MJArgument.h */ = {isa = PBXFileReference; fileEncoding = 4; lastKnownFileType = sourcecode.c.h; path = MJArgument.h; sourceTree = "<group>"; };
		BCDC98811B4CF51000B78E6F /* MJArgument.m */ = {isa = PBXFileReference; fileEncoding = 4; lastKnownFileType = sourcecode.c.objc; path = MJArgument.m; sourceTree = "<group>"; };
		BCDC98821B4CF51000B78E6F /* MJConst.h */ = {isa = PBXFileReference; fileEncoding = 4; lastKnownFileType = sourcecode.c.h; path = MJConst.h; sourceTree = "<group>"; };
		BCDC98831B4CF51000B78E6F /* MJConst.m */ = {isa = PBXFileReference; fileEncoding = 4; lastKnownFileType = sourcecode.c.objc; path = MJConst.m; sourceTree = "<group>"; };
		BCDC98841B4CF51000B78E6F /* MJExtension.h */ = {isa = PBXFileReference; fileEncoding = 4; lastKnownFileType = sourcecode.c.h; path = MJExtension.h; sourceTree = "<group>"; };
		BCDC98851B4CF51000B78E6F /* MJFoundation.h */ = {isa = PBXFileReference; fileEncoding = 4; lastKnownFileType = sourcecode.c.h; path = MJFoundation.h; sourceTree = "<group>"; };
		BCDC98861B4CF51000B78E6F /* MJFoundation.m */ = {isa = PBXFileReference; fileEncoding = 4; lastKnownFileType = sourcecode.c.objc; path = MJFoundation.m; sourceTree = "<group>"; };
		BCDC98871B4CF51000B78E6F /* MJIvar.h */ = {isa = PBXFileReference; fileEncoding = 4; lastKnownFileType = sourcecode.c.h; path = MJIvar.h; sourceTree = "<group>"; };
		BCDC98881B4CF51000B78E6F /* MJIvar.m */ = {isa = PBXFileReference; fileEncoding = 4; lastKnownFileType = sourcecode.c.objc; path = MJIvar.m; sourceTree = "<group>"; };
		BCDC98891B4CF51000B78E6F /* MJMember.h */ = {isa = PBXFileReference; fileEncoding = 4; lastKnownFileType = sourcecode.c.h; path = MJMember.h; sourceTree = "<group>"; };
		BCDC988A1B4CF51000B78E6F /* MJMember.m */ = {isa = PBXFileReference; fileEncoding = 4; lastKnownFileType = sourcecode.c.objc; path = MJMember.m; sourceTree = "<group>"; };
		BCDC988B1B4CF51000B78E6F /* MJMethod.h */ = {isa = PBXFileReference; fileEncoding = 4; lastKnownFileType = sourcecode.c.h; path = MJMethod.h; sourceTree = "<group>"; };
		BCDC988C1B4CF51000B78E6F /* MJMethod.m */ = {isa = PBXFileReference; fileEncoding = 4; lastKnownFileType = sourcecode.c.objc; path = MJMethod.m; sourceTree = "<group>"; };
		BCDC988D1B4CF51000B78E6F /* MJType.h */ = {isa = PBXFileReference; fileEncoding = 4; lastKnownFileType = sourcecode.c.h; path = MJType.h; sourceTree = "<group>"; };
		BCDC988E1B4CF51000B78E6F /* MJType.m */ = {isa = PBXFileReference; fileEncoding = 4; lastKnownFileType = sourcecode.c.objc; path = MJType.m; sourceTree = "<group>"; };
		BCDC988F1B4CF51000B78E6F /* MJTypeEncoding.h */ = {isa = PBXFileReference; fileEncoding = 4; lastKnownFileType = sourcecode.c.h; path = MJTypeEncoding.h; sourceTree = "<group>"; };
		BCDC98901B4CF51000B78E6F /* MJTypeEncoding.m */ = {isa = PBXFileReference; fileEncoding = 4; lastKnownFileType = sourcecode.c.objc; path = MJTypeEncoding.m; sourceTree = "<group>"; };
		BCDC98911B4CF51000B78E6F /* NSObject+MJCoding.h */ = {isa = PBXFileReference; fileEncoding = 4; lastKnownFileType = sourcecode.c.h; path = "NSObject+MJCoding.h"; sourceTree = "<group>"; };
		BCDC98921B4CF51000B78E6F /* NSObject+MJCoding.m */ = {isa = PBXFileReference; fileEncoding = 4; lastKnownFileType = sourcecode.c.objc; path = "NSObject+MJCoding.m"; sourceTree = "<group>"; };
		BCDC98931B4CF51000B78E6F /* NSObject+MJKeyValue.h */ = {isa = PBXFileReference; fileEncoding = 4; lastKnownFileType = sourcecode.c.h; path = "NSObject+MJKeyValue.h"; sourceTree = "<group>"; };
		BCDC98941B4CF51000B78E6F /* NSObject+MJKeyValue.m */ = {isa = PBXFileReference; fileEncoding = 4; lastKnownFileType = sourcecode.c.objc; path = "NSObject+MJKeyValue.m"; sourceTree = "<group>"; };
		BCDC98951B4CF51000B78E6F /* NSObject+MJMember.h */ = {isa = PBXFileReference; fileEncoding = 4; lastKnownFileType = sourcecode.c.h; path = "NSObject+MJMember.h"; sourceTree = "<group>"; };
		BCDC98961B4CF51000B78E6F /* NSObject+MJMember.m */ = {isa = PBXFileReference; fileEncoding = 4; lastKnownFileType = sourcecode.c.objc; path = "NSObject+MJMember.m"; sourceTree = "<group>"; };
		BCDC98A51B4CF85900B78E6F /* categories.plist */ = {isa = PBXFileReference; fileEncoding = 4; lastKnownFileType = text.plist.xml; path = categories.plist; sourceTree = "<group>"; };
		BCDC98A61B4CF85900B78E6F /* cities.plist */ = {isa = PBXFileReference; fileEncoding = 4; lastKnownFileType = text.plist.xml; path = cities.plist; sourceTree = "<group>"; };
		BCDC98A71B4CF85900B78E6F /* cityGroups.plist */ = {isa = PBXFileReference; fileEncoding = 4; lastKnownFileType = text.plist.xml; path = cityGroups.plist; sourceTree = "<group>"; };
		BCDC98A81B4CF85900B78E6F /* sorts.plist */ = {isa = PBXFileReference; fileEncoding = 4; lastKnownFileType = text.plist.xml; path = sorts.plist; sourceTree = "<group>"; };
		BCDC98AD1B4CFC1D00B78E6F /* RegionViewController.h */ = {isa = PBXFileReference; fileEncoding = 4; lastKnownFileType = sourcecode.c.h; path = RegionViewController.h; sourceTree = "<group>"; };
		BCDC98AE1B4CFC1D00B78E6F /* RegionViewController.m */ = {isa = PBXFileReference; fileEncoding = 4; lastKnownFileType = sourcecode.c.objc; path = RegionViewController.m; sourceTree = "<group>"; };
		BCDC98B01B4CFCB000B78E6F /* RegionViewController.xib */ = {isa = PBXFileReference; fileEncoding = 4; lastKnownFileType = file.xib; path = RegionViewController.xib; sourceTree = "<group>"; };
		BCDC98B21B4CFD5B00B78E6F /* CityViewController.h */ = {isa = PBXFileReference; fileEncoding = 4; lastKnownFileType = sourcecode.c.h; path = CityViewController.h; sourceTree = "<group>"; };
		BCDC98B31B4CFD5B00B78E6F /* CityViewController.m */ = {isa = PBXFileReference; fileEncoding = 4; lastKnownFileType = sourcecode.c.objc; path = CityViewController.m; sourceTree = "<group>"; };
		BCDC98B51B4CFD6800B78E6F /* CityViewController.xib */ = {isa = PBXFileReference; fileEncoding = 4; lastKnownFileType = file.xib; path = CityViewController.xib; sourceTree = "<group>"; };
		BCDC98B71B4D044A00B78E6F /* CityGroup.h */ = {isa = PBXFileReference; fileEncoding = 4; lastKnownFileType = sourcecode.c.h; path = CityGroup.h; sourceTree = "<group>"; };
		BCDC98B81B4D044A00B78E6F /* CityGroup.m */ = {isa = PBXFileReference; fileEncoding = 4; lastKnownFileType = sourcecode.c.objc; path = CityGroup.m; sourceTree = "<group>"; };
		BCDC98BA1B4D160100B78E6F /* Region.h */ = {isa = PBXFileReference; fileEncoding = 4; lastKnownFileType = sourcecode.c.h; path = Region.h; sourceTree = "<group>"; };
		BCDC98BB1B4D160100B78E6F /* Region.m */ = {isa = PBXFileReference; fileEncoding = 4; lastKnownFileType = sourcecode.c.objc; path = Region.m; sourceTree = "<group>"; };
		BCDC98BD1B4D166800B78E6F /* City.h */ = {isa = PBXFileReference; fileEncoding = 4; lastKnownFileType = sourcecode.c.h; path = City.h; sourceTree = "<group>"; };
		BCDC98BE1B4D166800B78E6F /* City.m */ = {isa = PBXFileReference; fileEncoding = 4; lastKnownFileType = sourcecode.c.objc; path = City.m; sourceTree = "<group>"; };
/* End PBXFileReference section */

/* Begin PBXFrameworksBuildPhase section */
		BCDC98061B4CAB0800B78E6F /* Frameworks */ = {
			isa = PBXFrameworksBuildPhase;
			buildActionMask = 2147483647;
			files = (
			);
			runOnlyForDeploymentPostprocessing = 0;
		};
		BCDC981F1B4CAB0800B78E6F /* Frameworks */ = {
			isa = PBXFrameworksBuildPhase;
			buildActionMask = 2147483647;
			files = (
			);
			runOnlyForDeploymentPostprocessing = 0;
		};
/* End PBXFrameworksBuildPhase section */

/* Begin PBXGroup section */
		BCDC98001B4CAB0800B78E6F = {
			isa = PBXGroup;
			children = (
				BCDC980B1B4CAB0800B78E6F /* GroupBuy */,
				BCDC98251B4CAB0800B78E6F /* GroupBuyTests */,
				BCDC980A1B4CAB0800B78E6F /* Products */,
			);
			sourceTree = "<group>";
		};
		BCDC980A1B4CAB0800B78E6F /* Products */ = {
			isa = PBXGroup;
			children = (
				BCDC98091B4CAB0800B78E6F /* GroupBuy.app */,
				BCDC98221B4CAB0800B78E6F /* GroupBuyTests.xctest */,
			);
			name = Products;
			sourceTree = "<group>";
		};
		BCDC980B1B4CAB0800B78E6F /* GroupBuy */ = {
			isa = PBXGroup;
			children = (
				BCDC98461B4CBF7E00B78E6F /* Home(首页) */,
				BCDC98451B4CBF7000B78E6F /* Main(主要) */,
				BCDC980C1B4CAB0800B78E6F /* Supporting Files */,
			);
			path = GroupBuy;
			sourceTree = "<group>";
		};
		BCDC980C1B4CAB0800B78E6F /* Supporting Files */ = {
			isa = PBXGroup;
			children = (
				BCDC98A41B4CF85900B78E6F /* Plist */,
				BCDC98191B4CAB0800B78E6F /* Images.xcassets */,
				BCDC980D1B4CAB0800B78E6F /* Info.plist */,
				BCDC980E1B4CAB0800B78E6F /* main.m */,
				BCDC98351B4CAC6600B78E6F /* GroupBuy-Prefix.pch */,
			);
			name = "Supporting Files";
			sourceTree = "<group>";
		};
		BCDC98251B4CAB0800B78E6F /* GroupBuyTests */ = {
			isa = PBXGroup;
			children = (
				BCDC98281B4CAB0800B78E6F /* GroupBuyTests.m */,
				BCDC98261B4CAB0800B78E6F /* Supporting Files */,
			);
			path = GroupBuyTests;
			sourceTree = "<group>";
		};
		BCDC98261B4CAB0800B78E6F /* Supporting Files */ = {
			isa = PBXGroup;
			children = (
				BCDC98271B4CAB0800B78E6F /* Info.plist */,
			);
			name = "Supporting Files";
			sourceTree = "<group>";
		};
		BCDC983C1B4CB2F900B78E6F /* Category */ = {
			isa = PBXGroup;
			children = (
				BCDC98361B4CAD2900B78E6F /* UIView+Extension.h */,
				BCDC98371B4CAD2900B78E6F /* UIView+Extension.m */,
				BCDC98391B4CB09B00B78E6F /* UIBarButtonItem+Extension.h */,
				BCDC983A1B4CB09B00B78E6F /* UIBarButtonItem+Extension.m */,
			);
			name = Category;
			sourceTree = "<group>";
		};
		BCDC98451B4CBF7000B78E6F /* Main(主要) */ = {
			isa = PBXGroup;
			children = (
				BCDC98491B4CBFC300B78E6F /* Lib */,
				BCDC98481B4CBFAE00B78E6F /* Other */,
				BCDC98471B4CBFA100B78E6F /* Controller */,
				BCDC983C1B4CB2F900B78E6F /* Category */,
			);
			name = "Main(主要)";
			sourceTree = "<group>";
		};
		BCDC98461B4CBF7E00B78E6F /* Home(首页) */ = {
			isa = PBXGroup;
			children = (
				BCDC98541B4CCDF700B78E6F /* Model */,
				BCDC984B1B4CBFF600B78E6F /* View */,
				BCDC984A1B4CBFEA00B78E6F /* Controller */,
			);
			name = "Home(首页)";
			sourceTree = "<group>";
		};
		BCDC98471B4CBFA100B78E6F /* Controller */ = {
			isa = PBXGroup;
			children = (
				BCDC98421B4CB3B800B78E6F /* NavigationController.h */,
				BCDC98431B4CB3B800B78E6F /* NavigationController.m */,
			);
			name = Controller;
			sourceTree = "<group>";
		};
		BCDC98481B4CBFAE00B78E6F /* Other */ = {
			isa = PBXGroup;
			children = (
				BCDC98101B4CAB0800B78E6F /* AppDelegate.h */,
				BCDC98111B4CAB0800B78E6F /* AppDelegate.m */,
			);
			name = Other;
			sourceTree = "<group>";
		};
		BCDC98491B4CBFC300B78E6F /* Lib */ = {
			isa = PBXGroup;
			children = (
				BCDC987F1B4CF51000B78E6F /* MJExtension */,
				BCDC985E1B4CF50A00B78E6F /* Masonry */,
			);
			name = Lib;
			sourceTree = "<group>";
		};
		BCDC984A1B4CBFEA00B78E6F /* Controller */ = {
			isa = PBXGroup;
			children = (
				BCDC98321B4CABDC00B78E6F /* HomeViewController.h */,
				BCDC98331B4CABDC00B78E6F /* HomeViewController.m */,
				BCDC984C1B4CCACE00B78E6F /* CategoryViewController.h */,
				BCDC984D1B4CCACE00B78E6F /* CategoryViewController.m */,
				BCDC98AD1B4CFC1D00B78E6F /* RegionViewController.h */,
				BCDC98AE1B4CFC1D00B78E6F /* RegionViewController.m */,
				BCDC98B01B4CFCB000B78E6F /* RegionViewController.xib */,
				BCDC98B21B4CFD5B00B78E6F /* CityViewController.h */,
				BCDC98B31B4CFD5B00B78E6F /* CityViewController.m */,
				BCDC98B51B4CFD6800B78E6F /* CityViewController.xib */,
			);
			name = Controller;
			sourceTree = "<group>";
		};
		BCDC984B1B4CBFF600B78E6F /* View */ = {
			isa = PBXGroup;
			children = (
				BCDC984F1B4CCC9700B78E6F /* HomeDropdown.xib */,
				BCDC98511B4CCCF800B78E6F /* HomeDropdown.h */,
				BCDC98521B4CCCF800B78E6F /* HomeDropdown.m */,
				BCDC983D1B4CB31C00B78E6F /* HomeTopItem.xib */,
				BCDC983F1B4CB34700B78E6F /* HomeTopItem.h */,
				BCDC98401B4CB34700B78E6F /* HomeTopItem.m */,
				BCDC98581B4CD29100B78E6F /* HomeDropdownMainCell.h */,
				BCDC98591B4CD29100B78E6F /* HomeDropdownMainCell.m */,
				BCDC985B1B4CD2B600B78E6F /* HomeDropdownSubCell.h */,
				BCDC985C1B4CD2B600B78E6F /* HomeDropdownSubCell.m */,
			);
			name = View;
			sourceTree = "<group>";
		};
		BCDC98541B4CCDF700B78E6F /* Model */ = {
			isa = PBXGroup;
			children = (
				BCDC98551B4CCE1300B78E6F /* Categorys.h */,
				BCDC98561B4CCE1300B78E6F /* Categorys.m */,
				BCDC98B71B4D044A00B78E6F /* CityGroup.h */,
				BCDC98B81B4D044A00B78E6F /* CityGroup.m */,
				BCDC98BA1B4D160100B78E6F /* Region.h */,
				BCDC98BB1B4D160100B78E6F /* Region.m */,
				BCDC98BD1B4D166800B78E6F /* City.h */,
				BCDC98BE1B4D166800B78E6F /* City.m */,
			);
			name = Model;
			sourceTree = "<group>";
		};
		BCDC985E1B4CF50A00B78E6F /* Masonry */ = {
			isa = PBXGroup;
			children = (
				BCDC985F1B4CF50A00B78E6F /* MASCompositeConstraint.h */,
				BCDC98601B4CF50A00B78E6F /* MASCompositeConstraint.m */,
				BCDC98611B4CF50A00B78E6F /* MASConstraint+Private.h */,
				BCDC98621B4CF50A00B78E6F /* MASConstraint.h */,
				BCDC98631B4CF50A00B78E6F /* MASConstraint.m */,
				BCDC98641B4CF50A00B78E6F /* MASConstraintMaker.h */,
				BCDC98651B4CF50A00B78E6F /* MASConstraintMaker.m */,
				BCDC98661B4CF50A00B78E6F /* MASLayoutConstraint.h */,
				BCDC98671B4CF50A00B78E6F /* MASLayoutConstraint.m */,
				BCDC98681B4CF50A00B78E6F /* Masonry.h */,
				BCDC98691B4CF50A00B78E6F /* MASUtilities.h */,
				BCDC986A1B4CF50A00B78E6F /* MASViewAttribute.h */,
				BCDC986B1B4CF50A00B78E6F /* MASViewAttribute.m */,
				BCDC986C1B4CF50A00B78E6F /* MASViewConstraint.h */,
				BCDC986D1B4CF50A00B78E6F /* MASViewConstraint.m */,
				BCDC986E1B4CF50A00B78E6F /* NSArray+MASAdditions.h */,
				BCDC986F1B4CF50A00B78E6F /* NSArray+MASAdditions.m */,
				BCDC98701B4CF50A00B78E6F /* NSArray+MASShorthandAdditions.h */,
				BCDC98711B4CF50A00B78E6F /* NSLayoutConstraint+MASDebugAdditions.h */,
				BCDC98721B4CF50A00B78E6F /* NSLayoutConstraint+MASDebugAdditions.m */,
				BCDC98731B4CF50A00B78E6F /* View+MASAdditions.h */,
				BCDC98741B4CF50A00B78E6F /* View+MASAdditions.m */,
				BCDC98751B4CF50A00B78E6F /* View+MASShorthandAdditions.h */,
			);
			path = Masonry;
			sourceTree = "<group>";
		};
		BCDC987F1B4CF51000B78E6F /* MJExtension */ = {
			isa = PBXGroup;
			children = (
				BCDC98801B4CF51000B78E6F /* MJArgument.h */,
				BCDC98811B4CF51000B78E6F /* MJArgument.m */,
				BCDC98821B4CF51000B78E6F /* MJConst.h */,
				BCDC98831B4CF51000B78E6F /* MJConst.m */,
				BCDC98841B4CF51000B78E6F /* MJExtension.h */,
				BCDC98851B4CF51000B78E6F /* MJFoundation.h */,
				BCDC98861B4CF51000B78E6F /* MJFoundation.m */,
				BCDC98871B4CF51000B78E6F /* MJIvar.h */,
				BCDC98881B4CF51000B78E6F /* MJIvar.m */,
				BCDC98891B4CF51000B78E6F /* MJMember.h */,
				BCDC988A1B4CF51000B78E6F /* MJMember.m */,
				BCDC988B1B4CF51000B78E6F /* MJMethod.h */,
				BCDC988C1B4CF51000B78E6F /* MJMethod.m */,
				BCDC988D1B4CF51000B78E6F /* MJType.h */,
				BCDC988E1B4CF51000B78E6F /* MJType.m */,
				BCDC988F1B4CF51000B78E6F /* MJTypeEncoding.h */,
				BCDC98901B4CF51000B78E6F /* MJTypeEncoding.m */,
				BCDC98911B4CF51000B78E6F /* NSObject+MJCoding.h */,
				BCDC98921B4CF51000B78E6F /* NSObject+MJCoding.m */,
				BCDC98931B4CF51000B78E6F /* NSObject+MJKeyValue.h */,
				BCDC98941B4CF51000B78E6F /* NSObject+MJKeyValue.m */,
				BCDC98951B4CF51000B78E6F /* NSObject+MJMember.h */,
				BCDC98961B4CF51000B78E6F /* NSObject+MJMember.m */,
			);
			path = MJExtension;
			sourceTree = "<group>";
		};
		BCDC98A41B4CF85900B78E6F /* Plist */ = {
			isa = PBXGroup;
			children = (
				BCDC98A51B4CF85900B78E6F /* categories.plist */,
				BCDC98A61B4CF85900B78E6F /* cities.plist */,
				BCDC98A71B4CF85900B78E6F /* cityGroups.plist */,
				BCDC98A81B4CF85900B78E6F /* sorts.plist */,
			);
			path = Plist;
			sourceTree = "<group>";
		};
/* End PBXGroup section */

/* Begin PBXNativeTarget section */
		BCDC98081B4CAB0800B78E6F /* GroupBuy */ = {
			isa = PBXNativeTarget;
			buildConfigurationList = BCDC982C1B4CAB0800B78E6F /* Build configuration list for PBXNativeTarget "GroupBuy" */;
			buildPhases = (
				BCDC98051B4CAB0800B78E6F /* Sources */,
				BCDC98061B4CAB0800B78E6F /* Frameworks */,
				BCDC98071B4CAB0800B78E6F /* Resources */,
			);
			buildRules = (
			);
			dependencies = (
			);
			name = GroupBuy;
			productName = GroupBuy;
			productReference = BCDC98091B4CAB0800B78E6F /* GroupBuy.app */;
			productType = "com.apple.product-type.application";
		};
		BCDC98211B4CAB0800B78E6F /* GroupBuyTests */ = {
			isa = PBXNativeTarget;
			buildConfigurationList = BCDC982F1B4CAB0800B78E6F /* Build configuration list for PBXNativeTarget "GroupBuyTests" */;
			buildPhases = (
				BCDC981E1B4CAB0800B78E6F /* Sources */,
				BCDC981F1B4CAB0800B78E6F /* Frameworks */,
				BCDC98201B4CAB0800B78E6F /* Resources */,
			);
			buildRules = (
			);
			dependencies = (
				BCDC98241B4CAB0800B78E6F /* PBXTargetDependency */,
			);
			name = GroupBuyTests;
			productName = GroupBuyTests;
			productReference = BCDC98221B4CAB0800B78E6F /* GroupBuyTests.xctest */;
			productType = "com.apple.product-type.bundle.unit-test";
		};
/* End PBXNativeTarget section */

/* Begin PBXProject section */
		BCDC98011B4CAB0800B78E6F /* Project object */ = {
			isa = PBXProject;
			attributes = {
				LastUpgradeCheck = 0630;
				ORGANIZATIONNAME = ycp;
				TargetAttributes = {
					BCDC98081B4CAB0800B78E6F = {
						CreatedOnToolsVersion = 6.3;
					};
					BCDC98211B4CAB0800B78E6F = {
						CreatedOnToolsVersion = 6.3;
						TestTargetID = BCDC98081B4CAB0800B78E6F;
					};
				};
			};
			buildConfigurationList = BCDC98041B4CAB0800B78E6F /* Build configuration list for PBXProject "GroupBuy" */;
			compatibilityVersion = "Xcode 3.2";
			developmentRegion = English;
			hasScannedForEncodings = 0;
			knownRegions = (
				en,
				Base,
			);
			mainGroup = BCDC98001B4CAB0800B78E6F;
			productRefGroup = BCDC980A1B4CAB0800B78E6F /* Products */;
			projectDirPath = "";
			projectRoot = "";
			targets = (
				BCDC98081B4CAB0800B78E6F /* GroupBuy */,
				BCDC98211B4CAB0800B78E6F /* GroupBuyTests */,
			);
		};
/* End PBXProject section */

/* Begin PBXResourcesBuildPhase section */
		BCDC98071B4CAB0800B78E6F /* Resources */ = {
			isa = PBXResourcesBuildPhase;
			buildActionMask = 2147483647;
			files = (
				BCDC98B61B4CFD6800B78E6F /* CityViewController.xib in Resources */,
				BCDC98A91B4CF85900B78E6F /* categories.plist in Resources */,
				BCDC983E1B4CB31C00B78E6F /* HomeTopItem.xib in Resources */,
				BCDC98AC1B4CF85900B78E6F /* sorts.plist in Resources */,
				BCDC98B11B4CFCB000B78E6F /* RegionViewController.xib in Resources */,
				BCDC981A1B4CAB0800B78E6F /* Images.xcassets in Resources */,
				BCDC98AA1B4CF85900B78E6F /* cities.plist in Resources */,
				BCDC98501B4CCC9700B78E6F /* HomeDropdown.xib in Resources */,
				BCDC98AB1B4CF85900B78E6F /* cityGroups.plist in Resources */,
			);
			runOnlyForDeploymentPostprocessing = 0;
		};
		BCDC98201B4CAB0800B78E6F /* Resources */ = {
			isa = PBXResourcesBuildPhase;
			buildActionMask = 2147483647;
			files = (
			);
			runOnlyForDeploymentPostprocessing = 0;
		};
/* End PBXResourcesBuildPhase section */

/* Begin PBXSourcesBuildPhase section */
		BCDC98051B4CAB0800B78E6F /* Sources */ = {
			isa = PBXSourcesBuildPhase;
			buildActionMask = 2147483647;
			files = (
				BCDC98A11B4CF51000B78E6F /* NSObject+MJMember.m in Sources */,
				BCDC989B1B4CF51000B78E6F /* MJMember.m in Sources */,
				BCDC985D1B4CD2B600B78E6F /* HomeDropdownSubCell.m in Sources */,
				BCDC987C1B4CF50A00B78E6F /* NSArray+MASAdditions.m in Sources */,
				BCDC984E1B4CCACE00B78E6F /* CategoryViewController.m in Sources */,
				BCDC989D1B4CF51000B78E6F /* MJType.m in Sources */,
				BCDC987D1B4CF50A00B78E6F /* NSLayoutConstraint+MASDebugAdditions.m in Sources */,
				BCDC98BF1B4D166800B78E6F /* City.m in Sources */,
				BCDC98121B4CAB0800B78E6F /* AppDelegate.m in Sources */,
				BCDC980F1B4CAB0800B78E6F /* main.m in Sources */,
				BCDC987A1B4CF50A00B78E6F /* MASViewAttribute.m in Sources */,
				BCDC98791B4CF50A00B78E6F /* MASLayoutConstraint.m in Sources */,
				BCDC98761B4CF50A00B78E6F /* MASCompositeConstraint.m in Sources */,
				BCDC98A01B4CF51000B78E6F /* NSObject+MJKeyValue.m in Sources */,
				BCDC98381B4CAD2900B78E6F /* UIView+Extension.m in Sources */,
				BCDC98AF1B4CFC1D00B78E6F /* RegionViewController.m in Sources */,
				BCDC98BC1B4D160100B78E6F /* Region.m in Sources */,
				BCDC989C1B4CF51000B78E6F /* MJMethod.m in Sources */,
				BCDC989E1B4CF51000B78E6F /* MJTypeEncoding.m in Sources */,
				BCDC98B91B4D044A00B78E6F /* CityGroup.m in Sources */,
				BCDC989F1B4CF51000B78E6F /* NSObject+MJCoding.m in Sources */,
				BCDC989A1B4CF51000B78E6F /* MJIvar.m in Sources */,
				BCDC98341B4CABDC00B78E6F /* HomeViewController.m in Sources */,
				BCDC98971B4CF51000B78E6F /* MJArgument.m in Sources */,
				BCDC987B1B4CF50A00B78E6F /* MASViewConstraint.m in Sources */,
				BCDC98531B4CCCF800B78E6F /* HomeDropdown.m in Sources */,
				BCDC98981B4CF51000B78E6F /* MJConst.m in Sources */,
				BCDC98991B4CF51000B78E6F /* MJFoundation.m in Sources */,
				BCDC983B1B4CB09B00B78E6F /* UIBarButtonItem+Extension.m in Sources */,
				BCDC98571B4CCE1300B78E6F /* Categorys.m in Sources */,
				BCDC98B41B4CFD5B00B78E6F /* CityViewController.m in Sources */,
				BCDC98411B4CB34700B78E6F /* HomeTopItem.m in Sources */,
				BCDC98781B4CF50A00B78E6F /* MASConstraintMaker.m in Sources */,
				BCDC985A1B4CD29100B78E6F /* HomeDropdownMainCell.m in Sources */,
				BCDC98771B4CF50A00B78E6F /* MASConstraint.m in Sources */,
				BCDC98441B4CB3B800B78E6F /* NavigationController.m in Sources */,
				BCDC987E1B4CF50A00B78E6F /* View+MASAdditions.m in Sources */,
			);
			runOnlyForDeploymentPostprocessing = 0;
		};
		BCDC981E1B4CAB0800B78E6F /* Sources */ = {
			isa = PBXSourcesBuildPhase;
			buildActionMask = 2147483647;
			files = (
				BCDC98291B4CAB0800B78E6F /* GroupBuyTests.m in Sources */,
			);
			runOnlyForDeploymentPostprocessing = 0;
		};
/* End PBXSourcesBuildPhase section */

/* Begin PBXTargetDependency section */
		BCDC98241B4CAB0800B78E6F /* PBXTargetDependency */ = {
			isa = PBXTargetDependency;
			target = BCDC98081B4CAB0800B78E6F /* GroupBuy */;
			targetProxy = BCDC98231B4CAB0800B78E6F /* PBXContainerItemProxy */;
		};
/* End PBXTargetDependency section */

/* Begin XCBuildConfiguration section */
		BCDC982A1B4CAB0800B78E6F /* Debug */ = {
			isa = XCBuildConfiguration;
			buildSettings = {
				ALWAYS_SEARCH_USER_PATHS = NO;
				CLANG_CXX_LANGUAGE_STANDARD = "gnu++0x";
				CLANG_CXX_LIBRARY = "libc++";
				CLANG_ENABLE_MODULES = YES;
				CLANG_ENABLE_OBJC_ARC = YES;
				CLANG_WARN_BOOL_CONVERSION = YES;
				CLANG_WARN_CONSTANT_CONVERSION = YES;
				CLANG_WARN_DIRECT_OBJC_ISA_USAGE = YES_ERROR;
				CLANG_WARN_EMPTY_BODY = YES;
				CLANG_WARN_ENUM_CONVERSION = YES;
				CLANG_WARN_INT_CONVERSION = YES;
				CLANG_WARN_OBJC_ROOT_CLASS = YES_ERROR;
				CLANG_WARN_UNREACHABLE_CODE = YES;
				CLANG_WARN__DUPLICATE_METHOD_MATCH = YES;
				"CODE_SIGN_IDENTITY[sdk=iphoneos*]" = "iPhone Developer";
				COPY_PHASE_STRIP = NO;
				DEBUG_INFORMATION_FORMAT = "dwarf-with-dsym";
				ENABLE_STRICT_OBJC_MSGSEND = YES;
				GCC_C_LANGUAGE_STANDARD = gnu99;
				GCC_DYNAMIC_NO_PIC = NO;
				GCC_NO_COMMON_BLOCKS = YES;
				GCC_OPTIMIZATION_LEVEL = 0;
				GCC_PREPROCESSOR_DEFINITIONS = (
					"DEBUG=1",
					"$(inherited)",
				);
				GCC_SYMBOLS_PRIVATE_EXTERN = NO;
				GCC_WARN_64_TO_32_BIT_CONVERSION = YES;
				GCC_WARN_ABOUT_RETURN_TYPE = YES_ERROR;
				GCC_WARN_UNDECLARED_SELECTOR = YES;
				GCC_WARN_UNINITIALIZED_AUTOS = YES_AGGRESSIVE;
				GCC_WARN_UNUSED_FUNCTION = YES;
				GCC_WARN_UNUSED_VARIABLE = YES;
				IPHONEOS_DEPLOYMENT_TARGET = 8.3;
				MTL_ENABLE_DEBUG_INFO = YES;
				ONLY_ACTIVE_ARCH = YES;
				SDKROOT = iphoneos;
			};
			name = Debug;
		};
		BCDC982B1B4CAB0800B78E6F /* Release */ = {
			isa = XCBuildConfiguration;
			buildSettings = {
				ALWAYS_SEARCH_USER_PATHS = NO;
				CLANG_CXX_LANGUAGE_STANDARD = "gnu++0x";
				CLANG_CXX_LIBRARY = "libc++";
				CLANG_ENABLE_MODULES = YES;
				CLANG_ENABLE_OBJC_ARC = YES;
				CLANG_WARN_BOOL_CONVERSION = YES;
				CLANG_WARN_CONSTANT_CONVERSION = YES;
				CLANG_WARN_DIRECT_OBJC_ISA_USAGE = YES_ERROR;
				CLANG_WARN_EMPTY_BODY = YES;
				CLANG_WARN_ENUM_CONVERSION = YES;
				CLANG_WARN_INT_CONVERSION = YES;
				CLANG_WARN_OBJC_ROOT_CLASS = YES_ERROR;
				CLANG_WARN_UNREACHABLE_CODE = YES;
				CLANG_WARN__DUPLICATE_METHOD_MATCH = YES;
				"CODE_SIGN_IDENTITY[sdk=iphoneos*]" = "iPhone Developer";
				COPY_PHASE_STRIP = NO;
				DEBUG_INFORMATION_FORMAT = "dwarf-with-dsym";
				ENABLE_NS_ASSERTIONS = NO;
				ENABLE_STRICT_OBJC_MSGSEND = YES;
				GCC_C_LANGUAGE_STANDARD = gnu99;
				GCC_NO_COMMON_BLOCKS = YES;
				GCC_WARN_64_TO_32_BIT_CONVERSION = YES;
				GCC_WARN_ABOUT_RETURN_TYPE = YES_ERROR;
				GCC_WARN_UNDECLARED_SELECTOR = YES;
				GCC_WARN_UNINITIALIZED_AUTOS = YES_AGGRESSIVE;
				GCC_WARN_UNUSED_FUNCTION = YES;
				GCC_WARN_UNUSED_VARIABLE = YES;
				IPHONEOS_DEPLOYMENT_TARGET = 8.3;
				MTL_ENABLE_DEBUG_INFO = NO;
				SDKROOT = iphoneos;
				VALIDATE_PRODUCT = YES;
			};
			name = Release;
		};
		BCDC982D1B4CAB0800B78E6F /* Debug */ = {
			isa = XCBuildConfiguration;
			buildSettings = {
				ASSETCATALOG_COMPILER_APPICON_NAME = AppIcon;
				GCC_PREFIX_HEADER = "$(SRCROOT)/GroupBuy/GroupBuy-Prefix.pch";
				INFOPLIST_FILE = GroupBuy/Info.plist;
				LD_RUNPATH_SEARCH_PATHS = "$(inherited) @executable_path/Frameworks";
				PRODUCT_NAME = "$(TARGET_NAME)";
				TARGETED_DEVICE_FAMILY = 2;
			};
			name = Debug;
		};
		BCDC982E1B4CAB0800B78E6F /* Release */ = {
			isa = XCBuildConfiguration;
			buildSettings = {
				ASSETCATALOG_COMPILER_APPICON_NAME = AppIcon;
				GCC_PREFIX_HEADER = "$(SRCROOT)/GroupBuy/GroupBuy-Prefix.pch";
				INFOPLIST_FILE = GroupBuy/Info.plist;
				LD_RUNPATH_SEARCH_PATHS = "$(inherited) @executable_path/Frameworks";
				PRODUCT_NAME = "$(TARGET_NAME)";
				TARGETED_DEVICE_FAMILY = 2;
			};
			name = Release;
		};
		BCDC98301B4CAB0800B78E6F /* Debug */ = {
			isa = XCBuildConfiguration;
			buildSettings = {
				BUNDLE_LOADER = "$(TEST_HOST)";
				FRAMEWORK_SEARCH_PATHS = (
					"$(SDKROOT)/Developer/Library/Frameworks",
					"$(inherited)",
				);
				GCC_PREPROCESSOR_DEFINITIONS = (
					"DEBUG=1",
					"$(inherited)",
				);
				INFOPLIST_FILE = GroupBuyTests/Info.plist;
				LD_RUNPATH_SEARCH_PATHS = "$(inherited) @executable_path/Frameworks @loader_path/Frameworks";
				PRODUCT_NAME = "$(TARGET_NAME)";
				TEST_HOST = "$(BUILT_PRODUCTS_DIR)/GroupBuy.app/GroupBuy";
			};
			name = Debug;
		};
		BCDC98311B4CAB0800B78E6F /* Release */ = {
			isa = XCBuildConfiguration;
			buildSettings = {
				BUNDLE_LOADER = "$(TEST_HOST)";
				FRAMEWORK_SEARCH_PATHS = (
					"$(SDKROOT)/Developer/Library/Frameworks",
					"$(inherited)",
				);
				INFOPLIST_FILE = GroupBuyTests/Info.plist;
				LD_RUNPATH_SEARCH_PATHS = "$(inherited) @executable_path/Frameworks @loader_path/Frameworks";
				PRODUCT_NAME = "$(TARGET_NAME)";
				TEST_HOST = "$(BUILT_PRODUCTS_DIR)/GroupBuy.app/GroupBuy";
			};
			name = Release;
		};
/* End XCBuildConfiguration section */

/* Begin XCConfigurationList section */
		BCDC98041B4CAB0800B78E6F /* Build configuration list for PBXProject "GroupBuy" */ = {
			isa = XCConfigurationList;
			buildConfigurations = (
				BCDC982A1B4CAB0800B78E6F /* Debug */,
				BCDC982B1B4CAB0800B78E6F /* Release */,
			);
			defaultConfigurationIsVisible = 0;
			defaultConfigurationName = Release;
		};
		BCDC982C1B4CAB0800B78E6F /* Build configuration list for PBXNativeTarget "GroupBuy" */ = {
			isa = XCConfigurationList;
			buildConfigurations = (
				BCDC982D1B4CAB0800B78E6F /* Debug */,
				BCDC982E1B4CAB0800B78E6F /* Release */,
			);
			defaultConfigurationIsVisible = 0;
		};
		BCDC982F1B4CAB0800B78E6F /* Build configuration list for PBXNativeTarget "GroupBuyTests" */ = {
			isa = XCConfigurationList;
			buildConfigurations = (
				BCDC98301B4CAB0800B78E6F /* Debug */,
				BCDC98311B4CAB0800B78E6F /* Release */,
			);
			defaultConfigurationIsVisible = 0;
		};
/* End XCConfigurationList section */
	};
	rootObject = BCDC98011B4CAB0800B78E6F /* Project object */;
}
